
Microsoft Visual Studio Solution File, Format Version 12.00
# Visual Studio Version 16
VisualStudioVersion = 16.0.30804.86
MinimumVisualStudioVersion = 10.0.40219.1
Project("{9A19103F-16F7-4668-BE54-9A1E7A4F7556}") = "DataAccess", "DataAccess\DataAccess.csproj", "{8DF0D2CB-B563-44AD-B0CF-3AC09CC0D9B2}"
EndProject
Project("{9A19103F-16F7-4668-BE54-9A1E7A4F7556}") = "Business", "Business\Business.csproj", "{DBFC2B28-F598-44B9-923B-DF78CF340E7A}"
EndProject
Project("{9A19103F-16F7-4668-BE54-9A1E7A4F7556}") = "Entities", "Entities\Entities.csproj", "{A5310C51-7D63-48AD-8EBC-4A4304AA3F97}"
EndProject
Project("{9A19103F-16F7-4668-BE54-9A1E7A4F7556}") = "ConsoleUI", "ConsoleUI\ConsoleUI.csproj", "{D56EBDE0-7E0D-49FF-99D2-5431E8D9569D}"
EndProject
Project("{9A19103F-16F7-4668-BE54-9A1E7A4F7556}") = "Core", "Core\Core.csproj", "{23BF39DE-DFBB-4D90-8D9C-1B7882F35CDA}"
EndProject
Project("{FAE04EC0-301F-11D3-BF4B-00C04F79EFBC}") = "WebAPI", "WebAPI\WebAPI.csproj", "{ACBD3BC8-294E-4E32-BEA9-7CEB3E369945}"
EndProject
Global
	GlobalSection(SolutionConfigurationPlatforms) = preSolution
		Debug|Any CPU = Debug|Any CPU
		Release|Any CPU = Release|Any CPU
	EndGlobalSection
	GlobalSection(ProjectConfigurationPlatforms) = postSolution
		{8DF0D2CB-B563-44AD-B0CF-3AC09CC0D9B2}.Debug|Any CPU.ActiveCfg = Debug|Any CPU
		{8DF0D2CB-B563-44AD-B0CF-3AC09CC0D9B2}.Debug|Any CPU.Build.0 = Debug|Any CPU
		{8DF0D2CB-B563-44AD-B0CF-3AC09CC0D9B2}.Release|Any CPU.ActiveCfg = Release|Any CPU
		{8DF0D2CB-B563-44AD-B0CF-3AC09CC0D9B2}.Release|Any CPU.Build.0 = Release|Any CPU
		{DBFC2B28-F598-44B9-923B-DF78CF340E7A}.Debug|Any CPU.ActiveCfg = Debug|Any CPU
		{DBFC2B28-F598-44B9-923B-DF78CF340E7A}.Debug|Any CPU.Build.0 = Debug|Any CPU
		{DBFC2B28-F598-44B9-923B-DF78CF340E7A}.Release|Any CPU.ActiveCfg = Release|Any CPU
		{DBFC2B28-F598-44B9-923B-DF78CF340E7A}.Release|Any CPU.Build.0 = Release|Any CPU
		{A5310C51-7D63-48AD-8EBC-4A4304AA3F97}.Debug|Any CPU.ActiveCfg = Debug|Any CPU
		{A5310C51-7D63-48AD-8EBC-4A4304AA3F97}.Debug|Any CPU.Build.0 = Debug|Any CPU
		{A5310C51-7D63-48AD-8EBC-4A4304AA3F97}.Release|Any CPU.ActiveCfg = Release|Any CPU
		{A5310C51-7D63-48AD-8EBC-4A4304AA3F97}.Release|Any CPU.Build.0 = Release|Any CPU
		{D56EBDE0-7E0D-49FF-99D2-5431E8D9569D}.Debug|Any CPU.ActiveCfg = Debug|Any CPU
		{D56EBDE0-7E0D-49FF-99D2-5431E8D9569D}.Debug|Any CPU.Build.0 = Debug|Any CPU
		{D56EBDE0-7E0D-49FF-99D2-5431E8D9569D}.Release|Any CPU.ActiveCfg = Release|Any CPU
		{D56EBDE0-7E0D-49FF-99D2-5431E8D9569D}.Release|Any CPU.Build.0 = Release|Any CPU
		{23BF39DE-DFBB-4D90-8D9C-1B7882F35CDA}.Debug|Any CPU.ActiveCfg = Debug|Any CPU
		{23BF39DE-DFBB-4D90-8D9C-1B7882F35CDA}.Debug|Any CPU.Build.0 = Debug|Any CPU
		{23BF39DE-DFBB-4D90-8D9C-1B7882F35CDA}.Release|Any CPU.ActiveCfg = Release|Any CPU
		{23BF39DE-DFBB-4D90-8D9C-1B7882F35CDA}.Release|Any CPU.Build.0 = Release|Any CPU
		{ACBD3BC8-294E-4E32-BEA9-7CEB3E369945}.Debug|Any CPU.ActiveCfg = Debug|Any CPU
		{ACBD3BC8-294E-4E32-BEA9-7CEB3E369945}.Debug|Any CPU.Build.0 = Debug|Any CPU
		{ACBD3BC8-294E-4E32-BEA9-7CEB3E369945}.Release|Any CPU.ActiveCfg = Release|Any CPU
		{ACBD3BC8-294E-4E32-BEA9-7CEB3E369945}.Release|Any CPU.Build.0 = Release|Any CPU
	EndGlobalSection
	GlobalSection(SolutionProperties) = preSolution
		HideSolutionNode = FALSE
	EndGlobalSection
	GlobalSection(ExtensibilityGlobals) = postSolution
		SolutionGuid = {E250F40A-FE5B-4BD6-99BC-5AD57ACFEE2F}
	EndGlobalSection
EndGlobal
